
Microsoft Visual Studio Solution File, Format Version 11.00
# Visual Studio 2010
# SharpDevelop 5.1
Project("{FAE04EC0-301F-11D3-BF4B-00C04F79EFBC}") = "metimpdf", "metimpdf\metimpdf.csproj", "{A8F9A0B8-B38C-49CE-9A0B-8471E3F53A87}"
EndProject
Global
	GlobalSection(SolutionConfigurationPlatforms) = preSolution
		Debug|Any CPU = Debug|Any CPU
		Release|Any CPU = Release|Any CPU
	EndGlobalSection
	GlobalSection(ProjectConfigurationPlatforms) = postSolution
		{A8F9A0B8-B38C-49CE-9A0B-8471E3F53A87}.Debug|Any CPU.ActiveCfg = Debug|Any CPU
		{A8F9A0B8-B38C-49CE-9A0B-8471E3F53A87}.Debug|Any CPU.Build.0 = Debug|Any CPU
		{A8F9A0B8-B38C-49CE-9A0B-8471E3F53A87}.Release|Any CPU.ActiveCfg = Release|Any CPU
		{A8F9A0B8-B38C-49CE-9A0B-8471E3F53A87}.Release|Any CPU.Build.0 = Release|Any CPU
	EndGlobalSection
EndGlobal
